{
  "name": "db-fisioterapia",
  "lockfileVersion": 3,
  "requires": true,
  "packages": {
    "": {
      "dependencies": {
        "@fullcalendar/interaction": "^6.1.8"
      },
      "devDependencies": {
        "@types/node": "^20.3.1"
      }
    },
    "node_modules/@fullcalendar/core": {
      "version": "6.1.8",
      "resolved": "https://registry.npmjs.org/@fullcalendar/core/-/core-6.1.8.tgz",
      "integrity": "sha512-i8JBIvZCWGO9dsMEDcx9bnsQZ9PtGSJdOXGgWbhLaGq2iq41OBdp9g9gM4b/Otv2oK8bL5Gl6CsMmb/HkDtA6Q==",
      "peer": true,
      "dependencies": {
        "preact": "~10.12.1"
      }
    },
    "node_modules/@fullcalendar/interaction": {
      "version": "6.1.8",
      "resolved": "https://registry.npmjs.org/@fullcalendar/interaction/-/interaction-6.1.8.tgz",
      "integrity": "sha512-r6W4E9ohaA87M2uPSlmpE2WT7Fzu7LN0u2pE6D/tThruCEaAPbN8Pw5+sqclsuyTIL09mg0eSJm/ggJekTabSA==",
      "peerDependencies": {
        "@fullcalendar/core": "~6.1.8"
      }
    },
    "node_modules/@types/node": {
      "version": "20.3.1",
      "resolved": "https://registry.npmjs.org/@types/node/-/node-20.3.1.tgz",
      "integrity": "sha512-EhcH/wvidPy1WeML3TtYFGR83UzjxeWRen9V402T8aUGYsCHOmfoisV3ZSg03gAFIbLq8TnWOJ0f4cALtnSEUg==",
      "dev": true
    },
    "node_modules/preact": {
      "version": "10.12.1",
      "resolved": "https://registry.npmjs.org/preact/-/preact-10.12.1.tgz",
      "integrity": "sha512-l8386ixSsBdbreOAkqtrwqHwdvR35ID8c3rKPa8lCWuO86dBi32QWHV4vfsZK1utLLFMvw+Z5Ad4XLkZzchscg==",
      "peer": true,
      "funding": {
        "type": "opencollective",
        "url": "https://opencollective.com/preact"
      }
    }
  }
}
